
Microsoft Visual Studio Solution File, Format Version 12.00
# Visual Studio Version 16
VisualStudioVersion = 16.0.31105.61
MinimumVisualStudioVersion = 10.0.40219.1
Project("{8BC9CEB8-8B4A-11D0-8D11-00A0C91BC942}") = "sdlGejm", "sdlGejm.vcxproj", "{DD72A279-C71B-4937-8238-8EA50B0DBCBF}"
EndProject
Global
	GlobalSection(SolutionConfigurationPlatforms) = preSolution
		Debug|x64 = Debug|x64
		Debug|x86 = Debug|x86
		Release|x64 = Release|x64
		Release|x86 = Release|x86
	EndGlobalSection
	GlobalSection(ProjectConfigurationPlatforms) = postSolution
		{DD72A279-C71B-4937-8238-8EA50B0DBCBF}.Debug|x64.ActiveCfg = Debug|x64
		{DD72A279-C71B-4937-8238-8EA50B0DBCBF}.Debug|x64.Build.0 = Debug|x64
		{DD72A279-C71B-4937-8238-8EA50B0DBCBF}.Debug|x86.ActiveCfg = Debug|Win32
		{DD72A279-C71B-4937-8238-8EA50B0DBCBF}.Debug|x86.Build.0 = Debug|Win32
		{DD72A279-C71B-4937-8238-8EA50B0DBCBF}.Release|x64.ActiveCfg = Release|x64
		{DD72A279-C71B-4937-8238-8EA50B0DBCBF}.Release|x64.Build.0 = Release|x64
		{DD72A279-C71B-4937-8238-8EA50B0DBCBF}.Release|x86.ActiveCfg = Release|Win32
		{DD72A279-C71B-4937-8238-8EA50B0DBCBF}.Release|x86.Build.0 = Release|Win32
	EndGlobalSection
	GlobalSection(SolutionProperties) = preSolution
		HideSolutionNode = FALSE
	EndGlobalSection
	GlobalSection(ExtensibilityGlobals) = postSolution
		SolutionGuid = {FE12DB8F-2891-40C3-A4EE-4D41236AD299}
	EndGlobalSection
EndGlobal
